
Microsoft Visual Studio Solution File, Format Version 12.00
# Visual Studio Version 17
VisualStudioVersion = 17.12.35728.132
MinimumVisualStudioVersion = 10.0.40219.1
Project("{FAE04EC0-301F-11D3-BF4B-00C04F79EFBC}") = "TMS.App", "frontEnd\TMS.App\TMS.App.csproj", "{5BB8B86E-FF7D-4664-872A-245D2F1917CE}"
EndProject
Project("{2150E333-8FDC-42A3-9474-1A3956D46DE8}") = "backEnd", "backEnd", "{A73C4BF0-0A44-4695-920A-CF68AD2FAD11}"
EndProject
Project("{2150E333-8FDC-42A3-9474-1A3956D46DE8}") = "frontEnd", "frontEnd", "{CE7A3DC0-5507-4E59-8629-8C21BFAA8C71}"
EndProject
Project("{2150E333-8FDC-42A3-9474-1A3956D46DE8}") = "src", "src", "{28C39E89-C8DC-46BE-80B6-0B695D29D224}"
EndProject
Project("{FAE04EC0-301F-11D3-BF4B-00C04F79EFBC}") = "TMS.host", "backEnd\TMS.host\TMS.host.csproj", "{D3EEE1B0-D612-4370-B6C2-9A2F811FB4F5}"
EndProject
Project("{FAE04EC0-301F-11D3-BF4B-00C04F79EFBC}") = "TMS.domain", "backEnd\TMS.domain\TMS.domain.csproj", "{7B38FF1E-FC32-4D80-B5A0-E3B762C73531}"
EndProject
Project("{FAE04EC0-301F-11D3-BF4B-00C04F79EFBC}") = "TMS.application", "TMS.application\TMS.application.csproj", "{B75D1545-289F-4E27-8F1A-018845539ED5}"
EndProject
Project("{FAE04EC0-301F-11D3-BF4B-00C04F79EFBC}") = "TMS.infra", "backEnd\TMS.infra\TMS.infra.csproj", "{328F4B18-F459-4153-91E5-1E0783AFEA8B}"
EndProject
Project("{2150E333-8FDC-42A3-9474-1A3956D46DE8}") = "core", "core", "{3754EAFE-80F2-44DC-BFD8-7A2E9DD19EBF}"
EndProject
Project("{2150E333-8FDC-42A3-9474-1A3956D46DE8}") = "host", "host", "{83F6BE01-8D66-489F-A598-DFAFC8FC8FF2}"
EndProject
Project("{2150E333-8FDC-42A3-9474-1A3956D46DE8}") = "infra", "infra", "{F111DA0E-D592-41B9-9EF2-FC1A6FA43706}"
EndProject
Global
	GlobalSection(SolutionConfigurationPlatforms) = preSolution
		Debug|Any CPU = Debug|Any CPU
		Release|Any CPU = Release|Any CPU
	EndGlobalSection
	GlobalSection(ProjectConfigurationPlatforms) = postSolution
		{5BB8B86E-FF7D-4664-872A-245D2F1917CE}.Debug|Any CPU.ActiveCfg = Debug|Any CPU
		{5BB8B86E-FF7D-4664-872A-245D2F1917CE}.Debug|Any CPU.Build.0 = Debug|Any CPU
		{5BB8B86E-FF7D-4664-872A-245D2F1917CE}.Release|Any CPU.ActiveCfg = Release|Any CPU
		{5BB8B86E-FF7D-4664-872A-245D2F1917CE}.Release|Any CPU.Build.0 = Release|Any CPU
		{D3EEE1B0-D612-4370-B6C2-9A2F811FB4F5}.Debug|Any CPU.ActiveCfg = Debug|Any CPU
		{D3EEE1B0-D612-4370-B6C2-9A2F811FB4F5}.Debug|Any CPU.Build.0 = Debug|Any CPU
		{D3EEE1B0-D612-4370-B6C2-9A2F811FB4F5}.Release|Any CPU.ActiveCfg = Release|Any CPU
		{D3EEE1B0-D612-4370-B6C2-9A2F811FB4F5}.Release|Any CPU.Build.0 = Release|Any CPU
		{7B38FF1E-FC32-4D80-B5A0-E3B762C73531}.Debug|Any CPU.ActiveCfg = Debug|Any CPU
		{7B38FF1E-FC32-4D80-B5A0-E3B762C73531}.Debug|Any CPU.Build.0 = Debug|Any CPU
		{7B38FF1E-FC32-4D80-B5A0-E3B762C73531}.Release|Any CPU.ActiveCfg = Release|Any CPU
		{7B38FF1E-FC32-4D80-B5A0-E3B762C73531}.Release|Any CPU.Build.0 = Release|Any CPU
		{B75D1545-289F-4E27-8F1A-018845539ED5}.Debug|Any CPU.ActiveCfg = Debug|Any CPU
		{B75D1545-289F-4E27-8F1A-018845539ED5}.Debug|Any CPU.Build.0 = Debug|Any CPU
		{B75D1545-289F-4E27-8F1A-018845539ED5}.Release|Any CPU.ActiveCfg = Release|Any CPU
		{B75D1545-289F-4E27-8F1A-018845539ED5}.Release|Any CPU.Build.0 = Release|Any CPU
		{328F4B18-F459-4153-91E5-1E0783AFEA8B}.Debug|Any CPU.ActiveCfg = Debug|Any CPU
		{328F4B18-F459-4153-91E5-1E0783AFEA8B}.Debug|Any CPU.Build.0 = Debug|Any CPU
		{328F4B18-F459-4153-91E5-1E0783AFEA8B}.Release|Any CPU.ActiveCfg = Release|Any CPU
		{328F4B18-F459-4153-91E5-1E0783AFEA8B}.Release|Any CPU.Build.0 = Release|Any CPU
	EndGlobalSection
	GlobalSection(SolutionProperties) = preSolution
		HideSolutionNode = FALSE
	EndGlobalSection
	GlobalSection(NestedProjects) = preSolution
		{5BB8B86E-FF7D-4664-872A-245D2F1917CE} = {CE7A3DC0-5507-4E59-8629-8C21BFAA8C71}
		{A73C4BF0-0A44-4695-920A-CF68AD2FAD11} = {28C39E89-C8DC-46BE-80B6-0B695D29D224}
		{CE7A3DC0-5507-4E59-8629-8C21BFAA8C71} = {28C39E89-C8DC-46BE-80B6-0B695D29D224}
		{D3EEE1B0-D612-4370-B6C2-9A2F811FB4F5} = {83F6BE01-8D66-489F-A598-DFAFC8FC8FF2}
		{7B38FF1E-FC32-4D80-B5A0-E3B762C73531} = {3754EAFE-80F2-44DC-BFD8-7A2E9DD19EBF}
		{B75D1545-289F-4E27-8F1A-018845539ED5} = {3754EAFE-80F2-44DC-BFD8-7A2E9DD19EBF}
		{328F4B18-F459-4153-91E5-1E0783AFEA8B} = {F111DA0E-D592-41B9-9EF2-FC1A6FA43706}
		{3754EAFE-80F2-44DC-BFD8-7A2E9DD19EBF} = {A73C4BF0-0A44-4695-920A-CF68AD2FAD11}
		{83F6BE01-8D66-489F-A598-DFAFC8FC8FF2} = {A73C4BF0-0A44-4695-920A-CF68AD2FAD11}
		{F111DA0E-D592-41B9-9EF2-FC1A6FA43706} = {A73C4BF0-0A44-4695-920A-CF68AD2FAD11}
	EndGlobalSection
EndGlobal
